
Microsoft Visual Studio Solution File, Format Version 12.00
# Visual Studio Version 17
VisualStudioVersion = 17.13.35825.156
MinimumVisualStudioVersion = 10.0.40219.1
Project("{FAE04EC0-301F-11D3-BF4B-00C04F79EFBC}") = "BulkyWeb", "BulkyWeb\BulkyWeb.csproj", "{21648425-9A19-4A74-917E-F204B767B848}"
EndProject
Project("{FAE04EC0-301F-11D3-BF4B-00C04F79EFBC}") = "Sd7501Bulky.DataAccess", "Sd7501Bulky.DataAccess\Sd7501Bulky.DataAccess.csproj", "{E582573C-973D-40A9-AE5F-67E8D30FD9C1}"
EndProject
Project("{FAE04EC0-301F-11D3-BF4B-00C04F79EFBC}") = "SD7501Bulky.Models", "SD7501Bulky.Models\SD7501Bulky.Models.csproj", "{6F190DC6-9E58-44A6-825F-1FD296E74DD4}"
EndProject
Project("{FAE04EC0-301F-11D3-BF4B-00C04F79EFBC}") = "SD7501Bulky.Utilities", "SD7501Bulky.Utilities\SD7501Bulky.Utilities.csproj", "{B3FB73AE-FE47-4B56-96D1-EAA19DFBFE46}"
EndProject
Global
	GlobalSection(SolutionConfigurationPlatforms) = preSolution
		Debug|Any CPU = Debug|Any CPU
		Release|Any CPU = Release|Any CPU
	EndGlobalSection
	GlobalSection(ProjectConfigurationPlatforms) = postSolution
		{21648425-9A19-4A74-917E-F204B767B848}.Debug|Any CPU.ActiveCfg = Debug|Any CPU
		{21648425-9A19-4A74-917E-F204B767B848}.Debug|Any CPU.Build.0 = Debug|Any CPU
		{21648425-9A19-4A74-917E-F204B767B848}.Release|Any CPU.ActiveCfg = Release|Any CPU
		{21648425-9A19-4A74-917E-F204B767B848}.Release|Any CPU.Build.0 = Release|Any CPU
		{E582573C-973D-40A9-AE5F-67E8D30FD9C1}.Debug|Any CPU.ActiveCfg = Debug|Any CPU
		{E582573C-973D-40A9-AE5F-67E8D30FD9C1}.Debug|Any CPU.Build.0 = Debug|Any CPU
		{E582573C-973D-40A9-AE5F-67E8D30FD9C1}.Release|Any CPU.ActiveCfg = Release|Any CPU
		{E582573C-973D-40A9-AE5F-67E8D30FD9C1}.Release|Any CPU.Build.0 = Release|Any CPU
		{6F190DC6-9E58-44A6-825F-1FD296E74DD4}.Debug|Any CPU.ActiveCfg = Debug|Any CPU
		{6F190DC6-9E58-44A6-825F-1FD296E74DD4}.Debug|Any CPU.Build.0 = Debug|Any CPU
		{6F190DC6-9E58-44A6-825F-1FD296E74DD4}.Release|Any CPU.ActiveCfg = Release|Any CPU
		{6F190DC6-9E58-44A6-825F-1FD296E74DD4}.Release|Any CPU.Build.0 = Release|Any CPU
		{B3FB73AE-FE47-4B56-96D1-EAA19DFBFE46}.Debug|Any CPU.ActiveCfg = Debug|Any CPU
		{B3FB73AE-FE47-4B56-96D1-EAA19DFBFE46}.Debug|Any CPU.Build.0 = Debug|Any CPU
		{B3FB73AE-FE47-4B56-96D1-EAA19DFBFE46}.Release|Any CPU.ActiveCfg = Release|Any CPU
		{B3FB73AE-FE47-4B56-96D1-EAA19DFBFE46}.Release|Any CPU.Build.0 = Release|Any CPU
	EndGlobalSection
	GlobalSection(SolutionProperties) = preSolution
		HideSolutionNode = FALSE
	EndGlobalSection
	GlobalSection(ExtensibilityGlobals) = postSolution
		SolutionGuid = {11B28AA6-1B9D-4275-B443-D85692348EB6}
	EndGlobalSection
EndGlobal
